// !$*UTF8*$!
{
	archiveVersion = 1;
	classes = {
	};
	objectVersion = 50;
	objects = {

/* Begin PBXBuildFile section */
		23E91E5F24250B520052300D /* AppDelegate.swift in Sources */ = {isa = PBXBuildFile; fileRef = 23E91E5E24250B520052300D /* AppDelegate.swift */; };
		23E91E6124250B520052300D /* SceneDelegate.swift in Sources */ = {isa = PBXBuildFile; fileRef = 23E91E6024250B520052300D /* SceneDelegate.swift */; };
		23E91E6324250B520052300D /* ViewController.swift in Sources */ = {isa = PBXBuildFile; fileRef = 23E91E6224250B520052300D /* ViewController.swift */; };
		23E91E6624250B520052300D /* Main.storyboard in Resources */ = {isa = PBXBuildFile; fileRef = 23E91E6424250B520052300D /* Main.storyboard */; };
		23E91E6924250B520052300D /* BoostCourseProjectE.xcdatamodeld in Sources */ = {isa = PBXBuildFile; fileRef = 23E91E6724250B520052300D /* BoostCourseProjectE.xcdatamodeld */; };
		23E91E6B24250B530052300D /* Assets.xcassets in Resources */ = {isa = PBXBuildFile; fileRef = 23E91E6A24250B530052300D /* Assets.xcassets */; };
		23E91E6E24250B530052300D /* LaunchScreen.storyboard in Resources */ = {isa = PBXBuildFile; fileRef = 23E91E6C24250B530052300D /* LaunchScreen.storyboard */; };
/* End PBXBuildFile section */

/* Begin PBXFileReference section */
		23E91E5B24250B520052300D /* BoostCourseProjectE.app */ = {isa = PBXFileReference; explicitFileType = wrapper.application; includeInIndex = 0; path = BoostCourseProjectE.app; sourceTree = BUILT_PRODUCTS_DIR; };
		23E91E5E24250B520052300D /* AppDelegate.swift */ = {isa = PBXFileReference; lastKnownFileType = sourcecode.swift; path = AppDelegate.swift; sourceTree = "<group>"; };
		23E91E6024250B520052300D /* SceneDelegate.swift */ = {isa = PBXFileReference; lastKnownFileType = sourcecode.swift; path = SceneDelegate.swift; sourceTree = "<group>"; };
		23E91E6224250B520052300D /* ViewController.swift */ = {isa = PBXFileReference; lastKnownFileType = sourcecode.swift; path = ViewController.swift; sourceTree = "<group>"; };
		23E91E6524250B520052300D /* Base */ = {isa = PBXFileReference; lastKnownFileType = file.storyboard; name = Base; path = Base.lproj/Main.storyboard; sourceTree = "<group>"; };
		23E91E6824250B520052300D /* BoostCourseProjectE.xcdatamodel */ = {isa = PBXFileReference; lastKnownFileType = wrapper.xcdatamodel; path = BoostCourseProjectE.xcdatamodel; sourceTree = "<group>"; };
		23E91E6A24250B530052300D /* Assets.xcassets */ = {isa = PBXFileReference; lastKnownFileType = folder.assetcatalog; path = Assets.xcassets; sourceTree = "<group>"; };
		23E91E6D24250B530052300D /* Base */ = {isa = PBXFileReference; lastKnownFileType = file.storyboard; name = Base; path = Base.lproj/LaunchScreen.storyboard; sourceTree = "<group>"; };
		23E91E6F24250B530052300D /* Info.plist */ = {isa = PBXFileReference; lastKnownFileType = text.plist.xml; path = Info.plist; sourceTree = "<group>"; };
/* End PBXFileReference section */

/* Begin PBXFrameworksBuildPhase section */
		23E91E5824250B520052300D /* Frameworks */ = {
			isa = PBXFrameworksBuildPhase;
			buildActionMask = 2147483647;
			files = (
			);
			runOnlyForDeploymentPostprocessing = 0;
		};
/* End PBXFrameworksBuildPhase section */

/* Begin PBXGroup section */
		23E91E5224250B520052300D = {
			isa = PBXGroup;
			children = (
				23E91E5D24250B520052300D /* BoostCourseProjectE */,
				23E91E5C24250B520052300D /* Products */,
			);
			sourceTree = "<group>";
		};
		23E91E5C24250B520052300D /* Products */ = {
			isa = PBXGroup;
			children = (
				23E91E5B24250B520052300D /* BoostCourseProjectE.app */,
			);
			name = Products;
			sourceTree = "<group>";
		};
		23E91E5D24250B520052300D /* BoostCourseProjectE */ = {
			isa = PBXGroup;
			children = (
				23E91E5E24250B520052300D /* AppDelegate.swift */,
				23E91E6024250B520052300D /* SceneDelegate.swift */,
				23E91E6224250B520052300D /* ViewController.swift */,
				23E91E6424250B520052300D /* Main.storyboard */,
				23E91E6A24250B530052300D /* Assets.xcassets */,
				23E91E6C24250B530052300D /* LaunchScreen.storyboard */,
				23E91E6F24250B530052300D /* Info.plist */,
				23E91E6724250B520052300D /* BoostCourseProjectE.xcdatamodeld */,
			);
			path = BoostCourseProjectE;
			sourceTree = "<group>";
		};
/* End PBXGroup section */

/* Begin PBXNativeTarget section */
		23E91E5A24250B520052300D /* BoostCourseProjectE */ = {
			isa = PBXNativeTarget;
			buildConfigurationList = 23E91E7224250B530052300D /* Build configuration list for PBXNativeTarget "BoostCourseProjectE" */;
			buildPhases = (
				23E91E5724250B520052300D /* Sources */,
				23E91E5824250B520052300D /* Frameworks */,
				23E91E5924250B520052300D /* Resources */,
			);
			buildRules = (
			);
			dependencies = (
			);
			name = BoostCourseProjectE;
			productName = BoostCourseProjectE;
			productReference = 23E91E5B24250B520052300D /* BoostCourseProjectE.app */;
			productType = "com.apple.product-type.application";
		};
/* End PBXNativeTarget section */

/* Begin PBXProject section */
		23E91E5324250B520052300D /* Project object */ = {
			isa = PBXProject;
			attributes = {
				LastSwiftUpdateCheck = 1130;
				LastUpgradeCheck = 1130;
				ORGANIZATIONNAME = "차요셉";
				TargetAttributes = {
					23E91E5A24250B520052300D = {
						CreatedOnToolsVersion = 11.3.1;
					};
				};
			};
			buildConfigurationList = 23E91E5624250B520052300D /* Build configuration list for PBXProject "BoostCourseProjectE" */;
			compatibilityVersion = "Xcode 9.3";
			developmentRegion = en;
			hasScannedForEncodings = 0;
			knownRegions = (
				en,
				Base,
			);
			mainGroup = 23E91E5224250B520052300D;
			productRefGroup = 23E91E5C24250B520052300D /* Products */;
			projectDirPath = "";
			projectRoot = "";
			targets = (
				23E91E5A24250B520052300D /* BoostCourseProjectE */,
			);
		};
/* End PBXProject section */

/* Begin PBXResourcesBuildPhase section */
		23E91E5924250B520052300D /* Resources */ = {
			isa = PBXResourcesBuildPhase;
			buildActionMask = 2147483647;
			files = (
				23E91E6E24250B530052300D /* LaunchScreen.storyboard in Resources */,
				23E91E6B24250B530052300D /* Assets.xcassets in Resources */,
				23E91E6624250B520052300D /* Main.storyboard in Resources */,
			);
			runOnlyForDeploymentPostprocessing = 0;
		};
/* End PBXResourcesBuildPhase section */

/* Begin PBXSourcesBuildPhase section */
		23E91E5724250B520052300D /* Sources */ = {
			isa = PBXSourcesBuildPhase;
			buildActionMask = 2147483647;
			files = (
				23E91E6924250B520052300D /* BoostCourseProjectE.xcdatamodeld in Sources */,
				23E91E6324250B520052300D /* ViewController.swift in Sources */,
				23E91E5F24250B520052300D /* AppDelegate.swift in Sources */,
				23E91E6124250B520052300D /* SceneDelegate.swift in Sources */,
			);
			runOnlyForDeploymentPostprocessing = 0;
		};
/* End PBXSourcesBuildPhase section */

/* Begin PBXVariantGroup section */
		23E91E6424250B520052300D /* Main.storyboard */ = {
			isa = PBXVariantGroup;
			children = (
				23E91E6524250B520052300D /* Base */,
			);
			name = Main.storyboard;
			sourceTree = "<group>";
		};
		23E91E6C24250B530052300D /* LaunchScreen.storyboard */ = {
			isa = PBXVariantGroup;
			children = (
				23E91E6D24250B530052300D /* Base */,
			);
			name = LaunchScreen.storyboard;
			sourceTree = "<group>";
		};
/* End PBXVariantGroup section */

/* Begin XCBuildConfiguration section */
		23E91E7024250B530052300D /* Debug */ = {
			isa = XCBuildConfiguration;
			buildSettings = {
				ALWAYS_SEARCH_USER_PATHS = NO;
				CLANG_ANALYZER_NONNULL = YES;
				CLANG_ANALYZER_NUMBER_OBJECT_CONVERSION = YES_AGGRESSIVE;
				CLANG_CXX_LANGUAGE_STANDARD = "gnu++14";
				CLANG_CXX_LIBRARY = "libc++";
				CLANG_ENABLE_MODULES = YES;
				CLANG_ENABLE_OBJC_ARC = YES;
				CLANG_ENABLE_OBJC_WEAK = YES;
				CLANG_WARN_BLOCK_CAPTURE_AUTORELEASING = YES;
				CLANG_WARN_BOOL_CONVERSION = YES;
				CLANG_WARN_COMMA = YES;
				CLANG_WARN_CONSTANT_CONVERSION = YES;
				CLANG_WARN_DEPRECATED_OBJC_IMPLEMENTATIONS = YES;
				CLANG_WARN_DIRECT_OBJC_ISA_USAGE = YES_ERROR;
				CLANG_WARN_DOCUMENTATION_COMMENTS = YES;
				CLANG_WARN_EMPTY_BODY = YES;
				CLANG_WARN_ENUM_CONVERSION = YES;
				CLANG_WARN_INFINITE_RECURSION = YES;
				CLANG_WARN_INT_CONVERSION = YES;
				CLANG_WARN_NON_LITERAL_NULL_CONVERSION = YES;
				CLANG_WARN_OBJC_IMPLICIT_RETAIN_SELF = YES;
				CLANG_WARN_OBJC_LITERAL_CONVERSION = YES;
				CLANG_WARN_OBJC_ROOT_CLASS = YES_ERROR;
				CLANG_WARN_RANGE_LOOP_ANALYSIS = YES;
				CLANG_WARN_STRICT_PROTOTYPES = YES;
				CLANG_WARN_SUSPICIOUS_MOVE = YES;
				CLANG_WARN_UNGUARDED_AVAILABILITY = YES_AGGRESSIVE;
				CLANG_WARN_UNREACHABLE_CODE = YES;
				CLANG_WARN__DUPLICATE_METHOD_MATCH = YES;
				COPY_PHASE_STRIP = NO;
				DEBUG_INFORMATION_FORMAT = dwarf;
				ENABLE_STRICT_OBJC_MSGSEND = YES;
				ENABLE_TESTABILITY = YES;
				GCC_C_LANGUAGE_STANDARD = gnu11;
				GCC_DYNAMIC_NO_PIC = NO;
				GCC_NO_COMMON_BLOCKS = YES;
				GCC_OPTIMIZATION_LEVEL = 0;
				GCC_PREPROCESSOR_DEFINITIONS = (
					"DEBUG=1",
					"$(inherited)",
				);
				GCC_WARN_64_TO_32_BIT_CONVERSION = YES;
				GCC_WARN_ABOUT_RETURN_TYPE = YES_ERROR;
				GCC_WARN_UNDECLARED_SELECTOR = YES;
				GCC_WARN_UNINITIALIZED_AUTOS = YES_AGGRESSIVE;
				GCC_WARN_UNUSED_FUNCTION = YES;
				GCC_WARN_UNUSED_VARIABLE = YES;
				IPHONEOS_DEPLOYMENT_TARGET = 13.2;
				MTL_ENABLE_DEBUG_INFO = INCLUDE_SOURCE;
				MTL_FAST_MATH = YES;
				ONLY_ACTIVE_ARCH = YES;
				SDKROOT = iphoneos;
				SWIFT_ACTIVE_COMPILATION_CONDITIONS = DEBUG;
				SWIFT_OPTIMIZATION_LEVEL = "-Onone";
			};
			name = Debug;
		};
		23E91E7124250B530052300D /* Release */ = {
			isa = XCBuildConfiguration;
			buildSettings = {
				ALWAYS_SEARCH_USER_PATHS = NO;
				CLANG_ANALYZER_NONNULL = YES;
				CLANG_ANALYZER_NUMBER_OBJECT_CONVERSION = YES_AGGRESSIVE;
				CLANG_CXX_LANGUAGE_STANDARD = "gnu++14";
				CLANG_CXX_LIBRARY = "libc++";
				CLANG_ENABLE_MODULES = YES;
				CLANG_ENABLE_OBJC_ARC = YES;
				CLANG_ENABLE_OBJC_WEAK = YES;
				CLANG_WARN_BLOCK_CAPTURE_AUTORELEASING = YES;
				CLANG_WARN_BOOL_CONVERSION = YES;
				CLANG_WARN_COMMA = YES;
				CLANG_WARN_CONSTANT_CONVERSION = YES;
				CLANG_WARN_DEPRECATED_OBJC_IMPLEMENTATIONS = YES;
				CLANG_WARN_DIRECT_OBJC_ISA_USAGE = YES_ERROR;
				CLANG_WARN_DOCUMENTATION_COMMENTS = YES;
				CLANG_WARN_EMPTY_BODY = YES;
				CLANG_WARN_ENUM_CONVERSION = YES;
				CLANG_WARN_INFINITE_RECURSION = YES;
				CLANG_WARN_INT_CONVERSION = YES;
				CLANG_WARN_NON_LITERAL_NULL_CONVERSION = YES;
				CLANG_WARN_OBJC_IMPLICIT_RETAIN_SELF = YES;
				CLANG_WARN_OBJC_LITERAL_CONVERSION = YES;
				CLANG_WARN_OBJC_ROOT_CLASS = YES_ERROR;
				CLANG_WARN_RANGE_LOOP_ANALYSIS = YES;
				CLANG_WARN_STRICT_PROTOTYPES = YES;
				CLANG_WARN_SUSPICIOUS_MOVE = YES;
				CLANG_WARN_UNGUARDED_AVAILABILITY = YES_AGGRESSIVE;
				CLANG_WARN_UNREACHABLE_CODE = YES;
				CLANG_WARN__DUPLICATE_METHOD_MATCH = YES;
				COPY_PHASE_STRIP = NO;
				DEBUG_INFORMATION_FORMAT = "dwarf-with-dsym";
				ENABLE_NS_ASSERTIONS = NO;
				ENABLE_STRICT_OBJC_MSGSEND = YES;
				GCC_C_LANGUAGE_STANDARD = gnu11;
				GCC_NO_COMMON_BLOCKS = YES;
				GCC_WARN_64_TO_32_BIT_CONVERSION = YES;
				GCC_WARN_ABOUT_RETURN_TYPE = YES_ERROR;
				GCC_WARN_UNDECLARED_SELECTOR = YES;
				GCC_WARN_UNINITIALIZED_AUTOS = YES_AGGRESSIVE;
				GCC_WARN_UNUSED_FUNCTION = YES;
				GCC_WARN_UNUSED_VARIABLE = YES;
				IPHONEOS_DEPLOYMENT_TARGET = 13.2;
				MTL_ENABLE_DEBUG_INFO = NO;
				MTL_FAST_MATH = YES;
				SDKROOT = iphoneos;
				SWIFT_COMPILATION_MODE = wholemodule;
				SWIFT_OPTIMIZATION_LEVEL = "-O";
				VALIDATE_PRODUCT = YES;
			};
			name = Release;
		};
		23E91E7324250B530052300D /* Debug */ = {
			isa = XCBuildConfiguration;
			buildSettings = {
				ASSETCATALOG_COMPILER_APPICON_NAME = AppIcon;
				CODE_SIGN_STYLE = Automatic;
				DEVELOPMENT_TEAM = MH2ZJS3XW4;
				INFOPLIST_FILE = BoostCourseProjectE/Info.plist;
				LD_RUNPATH_SEARCH_PATHS = (
					"$(inherited)",
					"@executable_path/Frameworks",
				);
				PRODUCT_BUNDLE_IDENTIFIER = kr.ac.kpu.BoostCourseProjectE;
				PRODUCT_NAME = "$(TARGET_NAME)";
				SWIFT_VERSION = 5.0;
				TARGETED_DEVICE_FAMILY = "1,2";
			};
			name = Debug;
		};
		23E91E7424250B530052300D /* Release */ = {
			isa = XCBuildConfiguration;
			buildSettings = {
				ASSETCATALOG_COMPILER_APPICON_NAME = AppIcon;
				CODE_SIGN_STYLE = Automatic;
				DEVELOPMENT_TEAM = MH2ZJS3XW4;
				INFOPLIST_FILE = BoostCourseProjectE/Info.plist;
				LD_RUNPATH_SEARCH_PATHS = (
					"$(inherited)",
					"@executable_path/Frameworks",
				);
				PRODUCT_BUNDLE_IDENTIFIER = kr.ac.kpu.BoostCourseProjectE;
				PRODUCT_NAME = "$(TARGET_NAME)";
				SWIFT_VERSION = 5.0;
				TARGETED_DEVICE_FAMILY = "1,2";
			};
			name = Release;
		};
/* End XCBuildConfiguration section */

/* Begin XCConfigurationList section */
		23E91E5624250B520052300D /* Build configuration list for PBXProject "BoostCourseProjectE" */ = {
			isa = XCConfigurationList;
			buildConfigurations = (
				23E91E7024250B530052300D /* Debug */,
				23E91E7124250B530052300D /* Release */,
			);
			defaultConfigurationIsVisible = 0;
			defaultConfigurationName = Release;
		};
		23E91E7224250B530052300D /* Build configuration list for PBXNativeTarget "BoostCourseProjectE" */ = {
			isa = XCConfigurationList;
			buildConfigurations = (
				23E91E7324250B530052300D /* Debug */,
				23E91E7424250B530052300D /* Release */,
			);
			defaultConfigurationIsVisible = 0;
			defaultConfigurationName = Release;
		};
/* End XCConfigurationList section */

/* Begin XCVersionGroup section */
		23E91E6724250B520052300D /* BoostCourseProjectE.xcdatamodeld */ = {
			isa = XCVersionGroup;
			children = (
				23E91E6824250B520052300D /* BoostCourseProjectE.xcdatamodel */,
			);
			currentVersion = 23E91E6824250B520052300D /* BoostCourseProjectE.xcdatamodel */;
			path = BoostCourseProjectE.xcdatamodeld;
			sourceTree = "<group>";
			versionGroupType = wrapper.xcdatamodel;
		};
/* End XCVersionGroup section */
	};
	rootObject = 23E91E5324250B520052300D /* Project object */;
}
